{
  "version": 4,
  "terraform_version": "1.2.9",
  "serial": 100,
  "lineage": "16a7ed87-3066-6eed-13e8-fcb278abb974",
  "outputs": {
    "multiple_screen_share_app_url": {
      "value": "https://multiple-screen-share-app.herokuapp.com",
      "type": "string"
    }
  },
  "resources": [
    {
      "mode": "managed",
      "type": "heroku_addon",
      "name": "multiple_screen_share_addon",
      "provider": "provider[\"registry.terraform.io/heroku/heroku\"]",
      "instances": [
        {
          "schema_version": 3,
          "attributes": {
            "app_id": "dc774c63-a693-49f6-84e1-7d8264576a7d",
            "config": null,
            "config_var_values": {
              "DATABASE_URL": "postgres://ekaynhkoltwvwv:0dbbf96867f48599768871a9d7cbc6fa8fbe598e26d85cceae84726bf4459344@ec2-34-247-72-29.eu-west-1.compute.amazonaws.com:5432/d89ls7a1a2ebrc"
            },
            "config_vars": [
              "DATABASE_URL"
            ],
            "id": "ea3a02db-000f-465f-879b-920e338db90a",
            "name": "postgresql-defined-28549",
            "plan": "heroku-postgresql:hobby-dev",
            "provider_id": "29091794"
          },
          "sensitive_attributes": [],
          "private": "eyJzY2hlbWFfdmVyc2lvbiI6IjMifQ==",
          "dependencies": [
            "heroku_app.multiple_screen_share_app"
          ]
        }
      ]
    },
    {
      "mode": "managed",
      "type": "heroku_app",
      "name": "multiple_screen_share_app",
      "provider": "provider[\"registry.terraform.io/heroku/heroku\"]",
      "instances": [
        {
          "schema_version": 1,
          "attributes": {
            "acm": false,
            "all_config_vars": {
              "DATABASE_URL": "postgres://ekaynhkoltwvwv:0dbbf96867f48599768871a9d7cbc6fa8fbe598e26d85cceae84726bf4459344@ec2-34-247-72-29.eu-west-1.compute.amazonaws.com:5432/d89ls7a1a2ebrc",
              "NODE_ENV": "production"
            },
            "buildpacks": [
              "https://github.com/heroku/heroku-buildpack-nodejs#v192"
            ],
            "config_vars": {},
            "git_url": "https://git.heroku.com/multiple-screen-share-app.git",
            "heroku_hostname": "multiple-screen-share-app.herokuapp.com",
            "id": "dc774c63-a693-49f6-84e1-7d8264576a7d",
            "internal_routing": false,
            "name": "multiple-screen-share-app",
            "organization": [],
            "region": "eu",
            "sensitive_config_vars": {},
            "space": null,
            "stack": "heroku-22",
            "uuid": "dc774c63-a693-49f6-84e1-7d8264576a7d",
            "web_url": "https://multiple-screen-share-app.herokuapp.com/"
          },
          "sensitive_attributes": [],
          "private": "eyJzY2hlbWFfdmVyc2lvbiI6IjEifQ=="
        }
      ]
    },
    {
      "mode": "managed",
      "type": "heroku_build",
      "name": "multiple_screen_share_build",
      "provider": "provider[\"registry.terraform.io/heroku/heroku\"]",
      "instances": [
        {
          "schema_version": 1,
          "attributes": {
            "app_id": "dc774c63-a693-49f6-84e1-7d8264576a7d",
            "buildpacks": [
              "https://github.com/heroku/heroku-buildpack-nodejs#v192"
            ],
            "id": "e01368e6-bdfb-4de9-a2ce-821aba3b29ce",
            "local_checksum": "SHA256:53049819f1416e6f285336bd23a75018e28151b5961d2c2193c81556c230bd0a",
            "output_stream_url": "https://build-output.heroku.com/streams/dc/dc774c63-a693-49f6-84e1-7d8264576a7d/logs/e0/e01368e6-bdfb-4de9-a2ce-821aba3b29ce.log?X-Amz-Algorithm=AWS4-HMAC-SHA256\u0026X-Amz-Credential=AKIAZSXS6CXK3PQ5Y6GY%2F20220919%2Fus-east-1%2Fs3%2Faws4_request\u0026X-Amz-Date=20220919T005850Z\u0026X-Amz-Expires=86400\u0026X-Amz-SignedHeaders=host\u0026X-Amz-Signature=4da222e44b675f2bcb09e6814a6a4a5e73c9534ffb5dfda6cbe5258a761e07d8",
            "release_id": "a21ea037-a2b1-4512-9c03-fbae20be2356",
            "slug_id": "1672524e-e002-49cd-8bcb-2f55a086e772",
            "source": [
              {
                "checksum": "",
                "path": "../deployment",
                "url": "",
                "version": ""
              }
            ],
            "stack": "heroku-22",
            "status": "succeeded",
            "user": [
              {
                "email": "abegovac2@etf.unsa.ba",
                "id": "3c7eb60a-6732-458e-954f-606e2267b157"
              }
            ],
            "uuid": "e01368e6-bdfb-4de9-a2ce-821aba3b29ce"
          },
          "sensitive_attributes": [],
          "private": "eyJzY2hlbWFfdmVyc2lvbiI6IjEifQ==",
          "dependencies": [
            "heroku_app.multiple_screen_share_app"
          ]
        }
      ]
    }
  ]
}
